Microsoft Visual Studio Solution File, Format Version 12.00
# Visual Studio Version 17
VisualStudioVersion = 17.12.35527.113 d17.12
MinimumVisualStudioVersion = 10.0.40219.1
Project("{FAE04EC0-301F-11D3-BF4B-00C04F79EFBC}") = "Infrabot.BotManagement.ApiGateway", "Infrabot.BotManagement.ApiGateway\Infrabot.BotManagement.ApiGateway.csproj", "{70ECFD49-D072-49E0-A23C-93C9A29A5B4C}"
EndProject
Project("{FAE04EC0-301F-11D3-BF4B-00C04F79EFBC}") = "Infrabot.BotManagement.Domain", "Infrabot.BotManagement.Domain\Infrabot.BotManagement.Domain.csproj", "{404E559A-C0CE-4808-A763-C5C10D0C281D}"
EndProject
Project("{FAE04EC0-301F-11D3-BF4B-00C04F79EFBC}") = "Infrabot.BotManagement.Broker", "Infrabot.BotManagement.Broker\Infrabot.BotManagement.Broker.csproj", "{C5584C16-8E93-4D99-847F-110155C12453}"
EndProject
Project("{FAE04EC0-301F-11D3-BF4B-00C04F79EFBC}") = "Infrabot.BotManagement.WebAPI", "Infrabot.BotManagement.WebAPI\Infrabot.BotManagement.WebAPI.csproj", "{C0D38B94-CB52-4EEC-B333-EEE577724D57}"
EndProject
Global
	GlobalSection(SolutionConfigurationPlatforms) = preSolution
		Debug|Any CPU = Debug|Any CPU
		Release|Any CPU = Release|Any CPU
	EndGlobalSection
	GlobalSection(ProjectConfigurationPlatforms) = postSolution
		{70ECFD49-D072-49E0-A23C-93C9A29A5B4C}.Debug|Any CPU.ActiveCfg = Debug|Any CPU
		{70ECFD49-D072-49E0-A23C-93C9A29A5B4C}.Debug|Any CPU.Build.0 = Debug|Any CPU
		{70ECFD49-D072-49E0-A23C-93C9A29A5B4C}.Release|Any CPU.ActiveCfg = Release|Any CPU
		{70ECFD49-D072-49E0-A23C-93C9A29A5B4C}.Release|Any CPU.Build.0 = Release|Any CPU
		{404E559A-C0CE-4808-A763-C5C10D0C281D}.Debug|Any CPU.ActiveCfg = Debug|Any CPU
		{404E559A-C0CE-4808-A763-C5C10D0C281D}.Debug|Any CPU.Build.0 = Debug|Any CPU
		{404E559A-C0CE-4808-A763-C5C10D0C281D}.Release|Any CPU.ActiveCfg = Release|Any CPU
		{404E559A-C0CE-4808-A763-C5C10D0C281D}.Release|Any CPU.Build.0 = Release|Any CPU
		{C5584C16-8E93-4D99-847F-110155C12453}.Debug|Any CPU.ActiveCfg = Debug|Any CPU
		{C5584C16-8E93-4D99-847F-110155C12453}.Debug|Any CPU.Build.0 = Debug|Any CPU
		{C5584C16-8E93-4D99-847F-110155C12453}.Release|Any CPU.ActiveCfg = Release|Any CPU
		{C5584C16-8E93-4D99-847F-110155C12453}.Release|Any CPU.Build.0 = Release|Any CPU
		{C0D38B94-CB52-4EEC-B333-EEE577724D57}.Debug|Any CPU.ActiveCfg = Debug|Any CPU
		{C0D38B94-CB52-4EEC-B333-EEE577724D57}.Debug|Any CPU.Build.0 = Debug|Any CPU
		{C0D38B94-CB52-4EEC-B333-EEE577724D57}.Release|Any CPU.ActiveCfg = Release|Any CPU
		{C0D38B94-CB52-4EEC-B333-EEE577724D57}.Release|Any CPU.Build.0 = Release|Any CPU
	EndGlobalSection
	GlobalSection(SolutionProperties) = preSolution
		HideSolutionNode = FALSE
	EndGlobalSection
EndGlobal
